
Microsoft Visual Studio Solution File, Format Version 12.00
Project("{2150E333-8FDC-42A3-9474-1A3956D46DE8}") = "src", "src", "{7E1BBA91-74DB-4E7E-B7B3-694A0B38CB28}"
EndProject
Project("{2150E333-8FDC-42A3-9474-1A3956D46DE8}") = "services", "services", "{37E2EDBA-38BF-49B6-9B1D-C439F06C0694}"
EndProject
Project("{2150E333-8FDC-42A3-9474-1A3956D46DE8}") = "BlogService", "BlogService", "{49152A04-B7E3-49CD-BAFD-18F02318C416}"
EndProject
Project("{2150E333-8FDC-42A3-9474-1A3956D46DE8}") = "Application", "Application", "{119EECE8-D8FC-4F9F-AB90-6AA5825B1D7A}"
EndProject
Project("{2150E333-8FDC-42A3-9474-1A3956D46DE8}") = "Core", "Core", "{7B7FA697-DDBD-4A35-A1E5-92426A6450A6}"
EndProject
Project("{2150E333-8FDC-42A3-9474-1A3956D46DE8}") = "Host", "Host", "{FC9AD187-1839-416F-9826-3DEC23645CC6}"
EndProject
Project("{2150E333-8FDC-42A3-9474-1A3956D46DE8}") = "Infrastructure", "Infrastructure", "{EDA38000-6C6C-4123-B76A-0B8DE1CED015}"
EndProject
Project("{2150E333-8FDC-42A3-9474-1A3956D46DE8}") = "UserService", "UserService", "{ED5AACEC-79C7-4AC1-81C8-8BDAA2EB4803}"
EndProject
Project("{2150E333-8FDC-42A3-9474-1A3956D46DE8}") = "Application", "Application", "{99877A06-089F-415D-B2F6-6D8F3C3838F3}"
EndProject
Project("{2150E333-8FDC-42A3-9474-1A3956D46DE8}") = "Core", "Core", "{B5EAF0DD-1D28-4B97-B00F-DBDE4B35A27F}"
EndProject
Project("{2150E333-8FDC-42A3-9474-1A3956D46DE8}") = "Host", "Host", "{8E52086A-7C72-47F2-8783-8C18721BF490}"
EndProject
Project("{2150E333-8FDC-42A3-9474-1A3956D46DE8}") = "Infrastructure", "Infrastructure", "{F2E90176-9271-4DB9-81C0-895213D5F9F2}"
EndProject
Project("{2150E333-8FDC-42A3-9474-1A3956D46DE8}") = "NotificationService", "NotificationService", "{1A9EE3C8-63C9-4591-8B68-F83C326D8D5D}"
EndProject
Project("{2150E333-8FDC-42A3-9474-1A3956D46DE8}") = "Application", "Application", "{E6891FBE-12B0-46D1-9B74-514A56FD54F7}"
EndProject
Project("{2150E333-8FDC-42A3-9474-1A3956D46DE8}") = "Core", "Core", "{428CCBEB-560C-4013-931D-3659E92D2751}"
EndProject
Project("{2150E333-8FDC-42A3-9474-1A3956D46DE8}") = "Host", "Host", "{D920B39C-C0C2-4EEF-B856-AD27C1F5FF52}"
EndProject
Project("{2150E333-8FDC-42A3-9474-1A3956D46DE8}") = "Infrastructure", "Infrastructure", "{2C1DE26C-173A-40C0-A846-BA6F0F00DBF0}"
EndProject
Project("{2150E333-8FDC-42A3-9474-1A3956D46DE8}") = "tests", "tests", "{4FD9D73E-3550-410F-A5D2-241869C0AAB8}"
EndProject
Project("{FAE04EC0-301F-11D3-BF4B-00C04F79EFBC}") = "BlogService.Application", "src\services\BlogService\BlogService.Application\BlogService.Application.csproj", "{CEBA8D67-77B1-4213-A28A-70A310550540}"
EndProject
Project("{FAE04EC0-301F-11D3-BF4B-00C04F79EFBC}") = "BlogService.Domain", "src\services\BlogService\BlogService.Domain\BlogService.Domain.csproj", "{A1B96A78-9B58-41C4-83D6-EBCC85739A8C}"
EndProject
Project("{FAE04EC0-301F-11D3-BF4B-00C04F79EFBC}") = "BlogService.Infrastructure", "src\services\BlogService\BlogService.Infrastructure\BlogService.Infrastructure.csproj", "{E5843AB0-2943-46F0-A73E-5C3FF38F26BC}"
EndProject
Project("{FAE04EC0-301F-11D3-BF4B-00C04F79EFBC}") = "BlogService.Persistence", "src\services\BlogService\BlogService.Persistence\BlogService.Persistence.csproj", "{1D0EBCA7-D067-4F78-A73F-2EBC02952F7A}"
EndProject
Project("{FAE04EC0-301F-11D3-BF4B-00C04F79EFBC}") = "BlogService.API", "src\services\BlogService\BlogService.API\BlogService.API.csproj", "{E9331C36-826E-4186-9E89-BE9794E21338}"
EndProject
Project("{FAE04EC0-301F-11D3-BF4B-00C04F79EFBC}") = "NotificationService.Application", "src\services\NotificationService\NotificationService.Application\NotificationService.Application.csproj", "{2FA72F39-66FC-4EA4-BC3C-7AC0AD64D0D8}"
EndProject
Project("{FAE04EC0-301F-11D3-BF4B-00C04F79EFBC}") = "NotificationService.Domain", "src\services\NotificationService\NotificationService.Domain\NotificationService.Domain.csproj", "{498234B7-32B2-42B2-813B-EA884E514911}"
EndProject
Project("{FAE04EC0-301F-11D3-BF4B-00C04F79EFBC}") = "NotificationService.Infrastructure", "src\services\NotificationService\NotificationService.Infrastructure\NotificationService.Infrastructure.csproj", "{47A90B32-A809-4B70-BAF1-3436E761C24D}"
EndProject
Project("{FAE04EC0-301F-11D3-BF4B-00C04F79EFBC}") = "NotificationService.Persistance", "src\services\NotificationService\NotificationService.Persistance\NotificationService.Persistance.csproj", "{23F78EEA-B06F-4E30-BF8E-B9CF89F89941}"
EndProject
Project("{FAE04EC0-301F-11D3-BF4B-00C04F79EFBC}") = "NotificationService.API", "src\services\NotificationService\NotificationService.API\NotificationService.API.csproj", "{D2EA2209-DB3B-4A18-80A6-DFCBDB519995}"
EndProject
Project("{FAE04EC0-301F-11D3-BF4B-00C04F79EFBC}") = "UserService.Application", "src\services\UserService\UserService.Application\UserService.Application.csproj", "{6DCF1BFA-ECC9-4D25-9E63-14F767D20849}"
EndProject
Project("{FAE04EC0-301F-11D3-BF4B-00C04F79EFBC}") = "UserService.Domain", "src\services\UserService\UserService.Domain\UserService.Domain.csproj", "{6F62755A-B744-4AA5-85C0-2D2F138BB4F4}"
EndProject
Project("{FAE04EC0-301F-11D3-BF4B-00C04F79EFBC}") = "UserService.Infrastructure", "src\services\UserService\UserService.Infrastructure\UserService.Infrastructure.csproj", "{8EEBEFD8-F261-43E6-A6A8-47E8D0E03940}"
EndProject
Project("{FAE04EC0-301F-11D3-BF4B-00C04F79EFBC}") = "UserService.Persistence", "src\services\UserService\UserService.Persistence\UserService.Persistence.csproj", "{76B29F32-DACF-4EFA-BB8B-FAC253EAEBFF}"
EndProject
Project("{FAE04EC0-301F-11D3-BF4B-00C04F79EFBC}") = "UserService.API", "src\services\UserService\UserService.API\UserService.API.csproj", "{91EC9F82-0293-4789-B211-B67096FF1CF0}"
EndProject
Project("{2150E333-8FDC-42A3-9474-1A3956D46DE8}") = "Shared", "Shared", "{F61DA528-98C8-4EE0-A863-8EF9651EB212}"
EndProject
Project("{FAE04EC0-301F-11D3-BF4B-00C04F79EFBC}") = "SharedKernel", "src\services\Shared\SharedKernel\SharedKernel.csproj", "{BF793894-9199-4952-A86C-5CCB137DABEA}"
EndProject
Project("{FAE04EC0-301F-11D3-BF4B-00C04F79EFBC}") = "SharedDTOs", "src\services\Shared\SharedDTOs\SharedDTOs.csproj", "{E1E26031-989B-462B-B117-DA529761E372}"
EndProject
Project("{FAE04EC0-301F-11D3-BF4B-00C04F79EFBC}") = "SharedEvents", "src\services\Shared\SharedEvents\SharedEvents.csproj", "{72921308-E0F2-4112-8560-B216FFC087DD}"
EndProject
Global
	GlobalSection(SolutionConfigurationPlatforms) = preSolution
		Debug|Any CPU = Debug|Any CPU
		Release|Any CPU = Release|Any CPU
	EndGlobalSection
	GlobalSection(NestedProjects) = preSolution
		{37E2EDBA-38BF-49B6-9B1D-C439F06C0694} = {7E1BBA91-74DB-4E7E-B7B3-694A0B38CB28}
		{49152A04-B7E3-49CD-BAFD-18F02318C416} = {37E2EDBA-38BF-49B6-9B1D-C439F06C0694}
		{119EECE8-D8FC-4F9F-AB90-6AA5825B1D7A} = {49152A04-B7E3-49CD-BAFD-18F02318C416}
		{7B7FA697-DDBD-4A35-A1E5-92426A6450A6} = {49152A04-B7E3-49CD-BAFD-18F02318C416}
		{FC9AD187-1839-416F-9826-3DEC23645CC6} = {49152A04-B7E3-49CD-BAFD-18F02318C416}
		{EDA38000-6C6C-4123-B76A-0B8DE1CED015} = {49152A04-B7E3-49CD-BAFD-18F02318C416}
		{ED5AACEC-79C7-4AC1-81C8-8BDAA2EB4803} = {37E2EDBA-38BF-49B6-9B1D-C439F06C0694}
		{99877A06-089F-415D-B2F6-6D8F3C3838F3} = {ED5AACEC-79C7-4AC1-81C8-8BDAA2EB4803}
		{B5EAF0DD-1D28-4B97-B00F-DBDE4B35A27F} = {ED5AACEC-79C7-4AC1-81C8-8BDAA2EB4803}
		{8E52086A-7C72-47F2-8783-8C18721BF490} = {ED5AACEC-79C7-4AC1-81C8-8BDAA2EB4803}
		{F2E90176-9271-4DB9-81C0-895213D5F9F2} = {ED5AACEC-79C7-4AC1-81C8-8BDAA2EB4803}
		{1A9EE3C8-63C9-4591-8B68-F83C326D8D5D} = {37E2EDBA-38BF-49B6-9B1D-C439F06C0694}
		{E6891FBE-12B0-46D1-9B74-514A56FD54F7} = {1A9EE3C8-63C9-4591-8B68-F83C326D8D5D}
		{428CCBEB-560C-4013-931D-3659E92D2751} = {1A9EE3C8-63C9-4591-8B68-F83C326D8D5D}
		{D920B39C-C0C2-4EEF-B856-AD27C1F5FF52} = {1A9EE3C8-63C9-4591-8B68-F83C326D8D5D}
		{2C1DE26C-173A-40C0-A846-BA6F0F00DBF0} = {1A9EE3C8-63C9-4591-8B68-F83C326D8D5D}
		{CEBA8D67-77B1-4213-A28A-70A310550540} = {119EECE8-D8FC-4F9F-AB90-6AA5825B1D7A}
		{A1B96A78-9B58-41C4-83D6-EBCC85739A8C} = {7B7FA697-DDBD-4A35-A1E5-92426A6450A6}
		{E5843AB0-2943-46F0-A73E-5C3FF38F26BC} = {EDA38000-6C6C-4123-B76A-0B8DE1CED015}
		{1D0EBCA7-D067-4F78-A73F-2EBC02952F7A} = {EDA38000-6C6C-4123-B76A-0B8DE1CED015}
		{E9331C36-826E-4186-9E89-BE9794E21338} = {FC9AD187-1839-416F-9826-3DEC23645CC6}
		{2FA72F39-66FC-4EA4-BC3C-7AC0AD64D0D8} = {E6891FBE-12B0-46D1-9B74-514A56FD54F7}
		{498234B7-32B2-42B2-813B-EA884E514911} = {428CCBEB-560C-4013-931D-3659E92D2751}
		{47A90B32-A809-4B70-BAF1-3436E761C24D} = {2C1DE26C-173A-40C0-A846-BA6F0F00DBF0}
		{23F78EEA-B06F-4E30-BF8E-B9CF89F89941} = {2C1DE26C-173A-40C0-A846-BA6F0F00DBF0}
		{D2EA2209-DB3B-4A18-80A6-DFCBDB519995} = {D920B39C-C0C2-4EEF-B856-AD27C1F5FF52}
		{6DCF1BFA-ECC9-4D25-9E63-14F767D20849} = {99877A06-089F-415D-B2F6-6D8F3C3838F3}
		{6F62755A-B744-4AA5-85C0-2D2F138BB4F4} = {B5EAF0DD-1D28-4B97-B00F-DBDE4B35A27F}
		{8EEBEFD8-F261-43E6-A6A8-47E8D0E03940} = {F2E90176-9271-4DB9-81C0-895213D5F9F2}
		{76B29F32-DACF-4EFA-BB8B-FAC253EAEBFF} = {F2E90176-9271-4DB9-81C0-895213D5F9F2}
		{91EC9F82-0293-4789-B211-B67096FF1CF0} = {8E52086A-7C72-47F2-8783-8C18721BF490}
		{F61DA528-98C8-4EE0-A863-8EF9651EB212} = {37E2EDBA-38BF-49B6-9B1D-C439F06C0694}
		{BF793894-9199-4952-A86C-5CCB137DABEA} = {F61DA528-98C8-4EE0-A863-8EF9651EB212}
		{E1E26031-989B-462B-B117-DA529761E372} = {F61DA528-98C8-4EE0-A863-8EF9651EB212}
		{72921308-E0F2-4112-8560-B216FFC087DD} = {F61DA528-98C8-4EE0-A863-8EF9651EB212}
	EndGlobalSection
	GlobalSection(ProjectConfigurationPlatforms) = postSolution
		{CEBA8D67-77B1-4213-A28A-70A310550540}.Debug|Any CPU.ActiveCfg = Debug|Any CPU
		{CEBA8D67-77B1-4213-A28A-70A310550540}.Debug|Any CPU.Build.0 = Debug|Any CPU
		{CEBA8D67-77B1-4213-A28A-70A310550540}.Release|Any CPU.ActiveCfg = Release|Any CPU
		{CEBA8D67-77B1-4213-A28A-70A310550540}.Release|Any CPU.Build.0 = Release|Any CPU
		{A1B96A78-9B58-41C4-83D6-EBCC85739A8C}.Debug|Any CPU.ActiveCfg = Debug|Any CPU
		{A1B96A78-9B58-41C4-83D6-EBCC85739A8C}.Debug|Any CPU.Build.0 = Debug|Any CPU
		{A1B96A78-9B58-41C4-83D6-EBCC85739A8C}.Release|Any CPU.ActiveCfg = Release|Any CPU
		{A1B96A78-9B58-41C4-83D6-EBCC85739A8C}.Release|Any CPU.Build.0 = Release|Any CPU
		{E5843AB0-2943-46F0-A73E-5C3FF38F26BC}.Debug|Any CPU.ActiveCfg = Debug|Any CPU
		{E5843AB0-2943-46F0-A73E-5C3FF38F26BC}.Debug|Any CPU.Build.0 = Debug|Any CPU
		{E5843AB0-2943-46F0-A73E-5C3FF38F26BC}.Release|Any CPU.ActiveCfg = Release|Any CPU
		{E5843AB0-2943-46F0-A73E-5C3FF38F26BC}.Release|Any CPU.Build.0 = Release|Any CPU
		{1D0EBCA7-D067-4F78-A73F-2EBC02952F7A}.Debug|Any CPU.ActiveCfg = Debug|Any CPU
		{1D0EBCA7-D067-4F78-A73F-2EBC02952F7A}.Debug|Any CPU.Build.0 = Debug|Any CPU
		{1D0EBCA7-D067-4F78-A73F-2EBC02952F7A}.Release|Any CPU.ActiveCfg = Release|Any CPU
		{1D0EBCA7-D067-4F78-A73F-2EBC02952F7A}.Release|Any CPU.Build.0 = Release|Any CPU
		{E9331C36-826E-4186-9E89-BE9794E21338}.Debug|Any CPU.ActiveCfg = Debug|Any CPU
		{E9331C36-826E-4186-9E89-BE9794E21338}.Debug|Any CPU.Build.0 = Debug|Any CPU
		{E9331C36-826E-4186-9E89-BE9794E21338}.Release|Any CPU.ActiveCfg = Release|Any CPU
		{E9331C36-826E-4186-9E89-BE9794E21338}.Release|Any CPU.Build.0 = Release|Any CPU
		{2FA72F39-66FC-4EA4-BC3C-7AC0AD64D0D8}.Debug|Any CPU.ActiveCfg = Debug|Any CPU
		{2FA72F39-66FC-4EA4-BC3C-7AC0AD64D0D8}.Debug|Any CPU.Build.0 = Debug|Any CPU
		{2FA72F39-66FC-4EA4-BC3C-7AC0AD64D0D8}.Release|Any CPU.ActiveCfg = Release|Any CPU
		{2FA72F39-66FC-4EA4-BC3C-7AC0AD64D0D8}.Release|Any CPU.Build.0 = Release|Any CPU
		{498234B7-32B2-42B2-813B-EA884E514911}.Debug|Any CPU.ActiveCfg = Debug|Any CPU
		{498234B7-32B2-42B2-813B-EA884E514911}.Debug|Any CPU.Build.0 = Debug|Any CPU
		{498234B7-32B2-42B2-813B-EA884E514911}.Release|Any CPU.ActiveCfg = Release|Any CPU
		{498234B7-32B2-42B2-813B-EA884E514911}.Release|Any CPU.Build.0 = Release|Any CPU
		{47A90B32-A809-4B70-BAF1-3436E761C24D}.Debug|Any CPU.ActiveCfg = Debug|Any CPU
		{47A90B32-A809-4B70-BAF1-3436E761C24D}.Debug|Any CPU.Build.0 = Debug|Any CPU
		{47A90B32-A809-4B70-BAF1-3436E761C24D}.Release|Any CPU.ActiveCfg = Release|Any CPU
		{47A90B32-A809-4B70-BAF1-3436E761C24D}.Release|Any CPU.Build.0 = Release|Any CPU
		{23F78EEA-B06F-4E30-BF8E-B9CF89F89941}.Debug|Any CPU.ActiveCfg = Debug|Any CPU
		{23F78EEA-B06F-4E30-BF8E-B9CF89F89941}.Debug|Any CPU.Build.0 = Debug|Any CPU
		{23F78EEA-B06F-4E30-BF8E-B9CF89F89941}.Release|Any CPU.ActiveCfg = Release|Any CPU
		{23F78EEA-B06F-4E30-BF8E-B9CF89F89941}.Release|Any CPU.Build.0 = Release|Any CPU
		{D2EA2209-DB3B-4A18-80A6-DFCBDB519995}.Debug|Any CPU.ActiveCfg = Debug|Any CPU
		{D2EA2209-DB3B-4A18-80A6-DFCBDB519995}.Debug|Any CPU.Build.0 = Debug|Any CPU
		{D2EA2209-DB3B-4A18-80A6-DFCBDB519995}.Release|Any CPU.ActiveCfg = Release|Any CPU
		{D2EA2209-DB3B-4A18-80A6-DFCBDB519995}.Release|Any CPU.Build.0 = Release|Any CPU
		{6DCF1BFA-ECC9-4D25-9E63-14F767D20849}.Debug|Any CPU.ActiveCfg = Debug|Any CPU
		{6DCF1BFA-ECC9-4D25-9E63-14F767D20849}.Debug|Any CPU.Build.0 = Debug|Any CPU
		{6DCF1BFA-ECC9-4D25-9E63-14F767D20849}.Release|Any CPU.ActiveCfg = Release|Any CPU
		{6DCF1BFA-ECC9-4D25-9E63-14F767D20849}.Release|Any CPU.Build.0 = Release|Any CPU
		{6F62755A-B744-4AA5-85C0-2D2F138BB4F4}.Debug|Any CPU.ActiveCfg = Debug|Any CPU
		{6F62755A-B744-4AA5-85C0-2D2F138BB4F4}.Debug|Any CPU.Build.0 = Debug|Any CPU
		{6F62755A-B744-4AA5-85C0-2D2F138BB4F4}.Release|Any CPU.ActiveCfg = Release|Any CPU
		{6F62755A-B744-4AA5-85C0-2D2F138BB4F4}.Release|Any CPU.Build.0 = Release|Any CPU
		{8EEBEFD8-F261-43E6-A6A8-47E8D0E03940}.Debug|Any CPU.ActiveCfg = Debug|Any CPU
		{8EEBEFD8-F261-43E6-A6A8-47E8D0E03940}.Debug|Any CPU.Build.0 = Debug|Any CPU
		{8EEBEFD8-F261-43E6-A6A8-47E8D0E03940}.Release|Any CPU.ActiveCfg = Release|Any CPU
		{8EEBEFD8-F261-43E6-A6A8-47E8D0E03940}.Release|Any CPU.Build.0 = Release|Any CPU
		{76B29F32-DACF-4EFA-BB8B-FAC253EAEBFF}.Debug|Any CPU.ActiveCfg = Debug|Any CPU
		{76B29F32-DACF-4EFA-BB8B-FAC253EAEBFF}.Debug|Any CPU.Build.0 = Debug|Any CPU
		{76B29F32-DACF-4EFA-BB8B-FAC253EAEBFF}.Release|Any CPU.ActiveCfg = Release|Any CPU
		{76B29F32-DACF-4EFA-BB8B-FAC253EAEBFF}.Release|Any CPU.Build.0 = Release|Any CPU
		{91EC9F82-0293-4789-B211-B67096FF1CF0}.Debug|Any CPU.ActiveCfg = Debug|Any CPU
		{91EC9F82-0293-4789-B211-B67096FF1CF0}.Debug|Any CPU.Build.0 = Debug|Any CPU
		{91EC9F82-0293-4789-B211-B67096FF1CF0}.Release|Any CPU.ActiveCfg = Release|Any CPU
		{91EC9F82-0293-4789-B211-B67096FF1CF0}.Release|Any CPU.Build.0 = Release|Any CPU
		{BF793894-9199-4952-A86C-5CCB137DABEA}.Debug|Any CPU.ActiveCfg = Debug|Any CPU
		{BF793894-9199-4952-A86C-5CCB137DABEA}.Debug|Any CPU.Build.0 = Debug|Any CPU
		{BF793894-9199-4952-A86C-5CCB137DABEA}.Release|Any CPU.ActiveCfg = Release|Any CPU
		{BF793894-9199-4952-A86C-5CCB137DABEA}.Release|Any CPU.Build.0 = Release|Any CPU
		{E1E26031-989B-462B-B117-DA529761E372}.Debug|Any CPU.ActiveCfg = Debug|Any CPU
		{E1E26031-989B-462B-B117-DA529761E372}.Debug|Any CPU.Build.0 = Debug|Any CPU
		{E1E26031-989B-462B-B117-DA529761E372}.Release|Any CPU.ActiveCfg = Release|Any CPU
		{E1E26031-989B-462B-B117-DA529761E372}.Release|Any CPU.Build.0 = Release|Any CPU
		{72921308-E0F2-4112-8560-B216FFC087DD}.Debug|Any CPU.ActiveCfg = Debug|Any CPU
		{72921308-E0F2-4112-8560-B216FFC087DD}.Debug|Any CPU.Build.0 = Debug|Any CPU
		{72921308-E0F2-4112-8560-B216FFC087DD}.Release|Any CPU.ActiveCfg = Release|Any CPU
		{72921308-E0F2-4112-8560-B216FFC087DD}.Release|Any CPU.Build.0 = Release|Any CPU
	EndGlobalSection
EndGlobal
