
Microsoft Visual Studio Solution File, Format Version 12.00
Project("{2150E333-8FDC-42A3-9474-1A3956D46DE8}") = "src", "src", "{7E1BBA91-74DB-4E7E-B7B3-694A0B38CB28}"
EndProject
Project("{2150E333-8FDC-42A3-9474-1A3956D46DE8}") = "services", "services", "{37E2EDBA-38BF-49B6-9B1D-C439F06C0694}"
EndProject
Project("{2150E333-8FDC-42A3-9474-1A3956D46DE8}") = "tests", "tests", "{2BA1AD40-0700-4731-B337-61C2148A87CE}"
EndProject
Project("{2150E333-8FDC-42A3-9474-1A3956D46DE8}") = "BlogApp", "BlogApp", "{49152A04-B7E3-49CD-BAFD-18F02318C416}"
EndProject
Project("{FAE04EC0-301F-11D3-BF4B-00C04F79EFBC}") = "BlogApp.Domain", "src\services\BlogApp\BlogApp.Domain\BlogApp.Domain.csproj", "{8AD82BF6-8EF2-4338-BFB2-4C95347196C3}"
EndProject
Project("{FAE04EC0-301F-11D3-BF4B-00C04F79EFBC}") = "BlogApp.Application", "src\services\BlogApp\BlogApp.Application\BlogApp.Application.csproj", "{9C550C5E-70CF-4AB1-A999-5F8617A66152}"
EndProject
Project("{FAE04EC0-301F-11D3-BF4B-00C04F79EFBC}") = "BlogApp.Infrastructure", "src\services\BlogApp\BlogApp.Infrastructure\BlogApp.Infrastructure.csproj", "{72BB73D7-6708-4135-BDFF-323FAC49C7DB}"
EndProject
Project("{FAE04EC0-301F-11D3-BF4B-00C04F79EFBC}") = "BlogApp.Persistance", "src\services\BlogApp\BlogApp.Persistance\BlogApp.Persistance.csproj", "{27A5E616-2CF8-4445-A325-565EF787B4B8}"
EndProject
Project("{FAE04EC0-301F-11D3-BF4B-00C04F79EFBC}") = "BlogApp.Api", "src\services\BlogApp\BlogApp.Api\BlogApp.Api.csproj", "{E8F7DF68-4829-45C5-BCE1-17A2D4A5A8E8}"
EndProject
Project("{FAE04EC0-301F-11D3-BF4B-00C04F79EFBC}") = "BlogApp.UnitTests", "tests\BlogApp.UnitTests\BlogApp.UnitTests.csproj", "{F096EF96-8620-46F7-AF0D-5834449F509E}"
EndProject
Project("{FAE04EC0-301F-11D3-BF4B-00C04F79EFBC}") = "BlogApp.IntegrationTests", "tests\BlogApp.IntegrationTests\BlogApp.IntegrationTests.csproj", "{5F45E982-ACD7-4C22-9744-4BE6D95EA2B1}"
EndProject
Project("{2150E333-8FDC-42A3-9474-1A3956D46DE8}") = "Application", "Application", "{119EECE8-D8FC-4F9F-AB90-6AA5825B1D7A}"
EndProject
Project("{2150E333-8FDC-42A3-9474-1A3956D46DE8}") = "Core", "Core", "{7B7FA697-DDBD-4A35-A1E5-92426A6450A6}"
EndProject
Project("{2150E333-8FDC-42A3-9474-1A3956D46DE8}") = "Host", "Host", "{FC9AD187-1839-416F-9826-3DEC23645CC6}"
EndProject
Project("{2150E333-8FDC-42A3-9474-1A3956D46DE8}") = "Infrastructure", "Infrastructure", "{EDA38000-6C6C-4123-B76A-0B8DE1CED015}"
EndProject
Project("{2150E333-8FDC-42A3-9474-1A3956D46DE8}") = "shared", "shared", "{BD6F4119-5A07-465C-813F-2E293FBC0931}"
EndProject
Project("{FAE04EC0-301F-11D3-BF4B-00C04F79EFBC}") = "BlogApp.Shared", "src\shared\BlogApp.Shared\BlogApp.Shared.csproj", "{B89BA2FD-6DAF-465E-9E1D-D94CBA604EBB}"
EndProject
Project("{FAE04EC0-301F-11D3-BF4B-00C04F79EFBC}") = "BlogApp.EventBus", "src\shared\BlogApp.EventBus\BlogApp.EventBus.csproj", "{3D23C8E3-A4AA-4EE0-B30B-554C68455AE2}"
EndProject
Project("{FAE04EC0-301F-11D3-BF4B-00C04F79EFBC}") = "BlogApp.Notification", "src\shared\BlogApp.Notification\BlogApp.Notification.csproj", "{B10233FE-9EB6-4613-9362-7B6F77F5CA04}"
EndProject
Global
	GlobalSection(SolutionConfigurationPlatforms) = preSolution
		Debug|Any CPU = Debug|Any CPU
		Release|Any CPU = Release|Any CPU
	EndGlobalSection
	GlobalSection(NestedProjects) = preSolution
		{37E2EDBA-38BF-49B6-9B1D-C439F06C0694} = {7E1BBA91-74DB-4E7E-B7B3-694A0B38CB28}
		{49152A04-B7E3-49CD-BAFD-18F02318C416} = {37E2EDBA-38BF-49B6-9B1D-C439F06C0694}
		{F096EF96-8620-46F7-AF0D-5834449F509E} = {2BA1AD40-0700-4731-B337-61C2148A87CE}
		{5F45E982-ACD7-4C22-9744-4BE6D95EA2B1} = {2BA1AD40-0700-4731-B337-61C2148A87CE}
		{119EECE8-D8FC-4F9F-AB90-6AA5825B1D7A} = {49152A04-B7E3-49CD-BAFD-18F02318C416}
		{7B7FA697-DDBD-4A35-A1E5-92426A6450A6} = {49152A04-B7E3-49CD-BAFD-18F02318C416}
		{FC9AD187-1839-416F-9826-3DEC23645CC6} = {49152A04-B7E3-49CD-BAFD-18F02318C416}
		{EDA38000-6C6C-4123-B76A-0B8DE1CED015} = {49152A04-B7E3-49CD-BAFD-18F02318C416}
		{E8F7DF68-4829-45C5-BCE1-17A2D4A5A8E8} = {FC9AD187-1839-416F-9826-3DEC23645CC6}
		{9C550C5E-70CF-4AB1-A999-5F8617A66152} = {119EECE8-D8FC-4F9F-AB90-6AA5825B1D7A}
		{8AD82BF6-8EF2-4338-BFB2-4C95347196C3} = {7B7FA697-DDBD-4A35-A1E5-92426A6450A6}
		{72BB73D7-6708-4135-BDFF-323FAC49C7DB} = {EDA38000-6C6C-4123-B76A-0B8DE1CED015}
		{27A5E616-2CF8-4445-A325-565EF787B4B8} = {EDA38000-6C6C-4123-B76A-0B8DE1CED015}
		{BD6F4119-5A07-465C-813F-2E293FBC0931} = {7E1BBA91-74DB-4E7E-B7B3-694A0B38CB28}
		{B89BA2FD-6DAF-465E-9E1D-D94CBA604EBB} = {BD6F4119-5A07-465C-813F-2E293FBC0931}
		{3D23C8E3-A4AA-4EE0-B30B-554C68455AE2} = {BD6F4119-5A07-465C-813F-2E293FBC0931}
		{B10233FE-9EB6-4613-9362-7B6F77F5CA04} = {BD6F4119-5A07-465C-813F-2E293FBC0931}
	EndGlobalSection
	GlobalSection(ProjectConfigurationPlatforms) = postSolution
		{8AD82BF6-8EF2-4338-BFB2-4C95347196C3}.Debug|Any CPU.ActiveCfg = Debug|Any CPU
		{8AD82BF6-8EF2-4338-BFB2-4C95347196C3}.Debug|Any CPU.Build.0 = Debug|Any CPU
		{8AD82BF6-8EF2-4338-BFB2-4C95347196C3}.Release|Any CPU.ActiveCfg = Release|Any CPU
		{8AD82BF6-8EF2-4338-BFB2-4C95347196C3}.Release|Any CPU.Build.0 = Release|Any CPU
		{9C550C5E-70CF-4AB1-A999-5F8617A66152}.Debug|Any CPU.ActiveCfg = Debug|Any CPU
		{9C550C5E-70CF-4AB1-A999-5F8617A66152}.Debug|Any CPU.Build.0 = Debug|Any CPU
		{9C550C5E-70CF-4AB1-A999-5F8617A66152}.Release|Any CPU.ActiveCfg = Release|Any CPU
		{9C550C5E-70CF-4AB1-A999-5F8617A66152}.Release|Any CPU.Build.0 = Release|Any CPU
		{72BB73D7-6708-4135-BDFF-323FAC49C7DB}.Debug|Any CPU.ActiveCfg = Debug|Any CPU
		{72BB73D7-6708-4135-BDFF-323FAC49C7DB}.Debug|Any CPU.Build.0 = Debug|Any CPU
		{72BB73D7-6708-4135-BDFF-323FAC49C7DB}.Release|Any CPU.ActiveCfg = Release|Any CPU
		{72BB73D7-6708-4135-BDFF-323FAC49C7DB}.Release|Any CPU.Build.0 = Release|Any CPU
		{27A5E616-2CF8-4445-A325-565EF787B4B8}.Debug|Any CPU.ActiveCfg = Debug|Any CPU
		{27A5E616-2CF8-4445-A325-565EF787B4B8}.Debug|Any CPU.Build.0 = Debug|Any CPU
		{27A5E616-2CF8-4445-A325-565EF787B4B8}.Release|Any CPU.ActiveCfg = Release|Any CPU
		{27A5E616-2CF8-4445-A325-565EF787B4B8}.Release|Any CPU.Build.0 = Release|Any CPU
		{E8F7DF68-4829-45C5-BCE1-17A2D4A5A8E8}.Debug|Any CPU.ActiveCfg = Debug|Any CPU
		{E8F7DF68-4829-45C5-BCE1-17A2D4A5A8E8}.Debug|Any CPU.Build.0 = Debug|Any CPU
		{E8F7DF68-4829-45C5-BCE1-17A2D4A5A8E8}.Release|Any CPU.ActiveCfg = Release|Any CPU
		{E8F7DF68-4829-45C5-BCE1-17A2D4A5A8E8}.Release|Any CPU.Build.0 = Release|Any CPU
		{F096EF96-8620-46F7-AF0D-5834449F509E}.Debug|Any CPU.ActiveCfg = Debug|Any CPU
		{F096EF96-8620-46F7-AF0D-5834449F509E}.Debug|Any CPU.Build.0 = Debug|Any CPU
		{F096EF96-8620-46F7-AF0D-5834449F509E}.Release|Any CPU.ActiveCfg = Release|Any CPU
		{F096EF96-8620-46F7-AF0D-5834449F509E}.Release|Any CPU.Build.0 = Release|Any CPU
		{5F45E982-ACD7-4C22-9744-4BE6D95EA2B1}.Debug|Any CPU.ActiveCfg = Debug|Any CPU
		{5F45E982-ACD7-4C22-9744-4BE6D95EA2B1}.Debug|Any CPU.Build.0 = Debug|Any CPU
		{5F45E982-ACD7-4C22-9744-4BE6D95EA2B1}.Release|Any CPU.ActiveCfg = Release|Any CPU
		{5F45E982-ACD7-4C22-9744-4BE6D95EA2B1}.Release|Any CPU.Build.0 = Release|Any CPU
		{B89BA2FD-6DAF-465E-9E1D-D94CBA604EBB}.Debug|Any CPU.ActiveCfg = Debug|Any CPU
		{B89BA2FD-6DAF-465E-9E1D-D94CBA604EBB}.Debug|Any CPU.Build.0 = Debug|Any CPU
		{B89BA2FD-6DAF-465E-9E1D-D94CBA604EBB}.Release|Any CPU.ActiveCfg = Release|Any CPU
		{B89BA2FD-6DAF-465E-9E1D-D94CBA604EBB}.Release|Any CPU.Build.0 = Release|Any CPU
		{3D23C8E3-A4AA-4EE0-B30B-554C68455AE2}.Debug|Any CPU.ActiveCfg = Debug|Any CPU
		{3D23C8E3-A4AA-4EE0-B30B-554C68455AE2}.Debug|Any CPU.Build.0 = Debug|Any CPU
		{3D23C8E3-A4AA-4EE0-B30B-554C68455AE2}.Release|Any CPU.ActiveCfg = Release|Any CPU
		{3D23C8E3-A4AA-4EE0-B30B-554C68455AE2}.Release|Any CPU.Build.0 = Release|Any CPU
		{B10233FE-9EB6-4613-9362-7B6F77F5CA04}.Debug|Any CPU.ActiveCfg = Debug|Any CPU
		{B10233FE-9EB6-4613-9362-7B6F77F5CA04}.Debug|Any CPU.Build.0 = Debug|Any CPU
		{B10233FE-9EB6-4613-9362-7B6F77F5CA04}.Release|Any CPU.ActiveCfg = Release|Any CPU
		{B10233FE-9EB6-4613-9362-7B6F77F5CA04}.Release|Any CPU.Build.0 = Release|Any CPU
	EndGlobalSection
EndGlobal
